# This file is automatically @generated by Cargo.
# It is not intended for manual editing.
version = 4

[[package]]
name = "neleus-adapters-hyperliquid"
version = "0.1.0"

[[package]]
name = "neleus-adapters-lighter"
version = "0.1.0"

[[package]]
name = "neleus-backtest"
version = "0.1.0"
dependencies = [
 "neleus-core-bus",
 "neleus-core-engine",
]

[[package]]
name = "neleus-core-bus"
version = "0.1.0"

[[package]]
name = "neleus-core-domain"
version = "0.1.0"
dependencies = [
 "neleus-core-types",
]

[[package]]
name = "neleus-core-engine"
version = "0.1.0"
dependencies = [
 "neleus-core-bus",
 "neleus-core-domain",
]

[[package]]
name = "neleus-core-types"
version = "0.1.0"

[[package]]
name = "neleus-pybridge"
version = "0.1.0"
